
Microsoft Visual Studio Solution File, Format Version 12.00
# Visual Studio Version 17
VisualStudioVersion = 17.9.34607.119
MinimumVisualStudioVersion = 10.0.40219.1
Project("{FAE04EC0-301F-11D3-BF4B-00C04F79EFBC}") = "SalesWebMvc", "SalesWebMvc\SalesWebMvc.csproj", "{1F70D390-49A7-4854-AC98-C4E891D4A74E}"
EndProject
Global
	GlobalSection(SolutionConfigurationPlatforms) = preSolution
		Debug|Any CPU = Debug|Any CPU
		Release|Any CPU = Release|Any CPU
	EndGlobalSection
	GlobalSection(ProjectConfigurationPlatforms) = postSolution
		{1F70D390-49A7-4854-AC98-C4E891D4A74E}.Debug|Any CPU.ActiveCfg = Debug|Any CPU
		{1F70D390-49A7-4854-AC98-C4E891D4A74E}.Debug|Any CPU.Build.0 = Debug|Any CPU
		{1F70D390-49A7-4854-AC98-C4E891D4A74E}.Release|Any CPU.ActiveCfg = Release|Any CPU
		{1F70D390-49A7-4854-AC98-C4E891D4A74E}.Release|Any CPU.Build.0 = Release|Any CPU
	EndGlobalSection
	GlobalSection(SolutionProperties) = preSolution
		HideSolutionNode = FALSE
	EndGlobalSection
	GlobalSection(ExtensibilityGlobals) = postSolution
		SolutionGuid = {06B6BEAA-EB09-4277-BAF7-AA702AA20214}
	EndGlobalSection
EndGlobal
